// !$*UTF8*$!
{
	archiveVersion = 1;
	classes = {
	};
	objectVersion = 46;
	objects = {

/* Begin PBXBuildFile section */
		6FE5C9C21B2A0DB7005B6FFD /* AppDelegate.swift in Sources */ = {isa = PBXBuildFile; fileRef = 6FE5C9C11B2A0DB7005B6FFD /* AppDelegate.swift */; };
		6FE5C9C51B2A0DB7005B6FFD /* Tarea0310.xcdatamodeld in Sources */ = {isa = PBXBuildFile; fileRef = 6FE5C9C31B2A0DB7005B6FFD /* Tarea0310.xcdatamodeld */; };
		6FE5C9C71B2A0DB7005B6FFD /* ViewController.swift in Sources */ = {isa = PBXBuildFile; fileRef = 6FE5C9C61B2A0DB7005B6FFD /* ViewController.swift */; };
		6FE5C9CA1B2A0DB7005B6FFD /* Main.storyboard in Resources */ = {isa = PBXBuildFile; fileRef = 6FE5C9C81B2A0DB7005B6FFD /* Main.storyboard */; };
		6FE5C9CC1B2A0DB7005B6FFD /* Images.xcassets in Resources */ = {isa = PBXBuildFile; fileRef = 6FE5C9CB1B2A0DB7005B6FFD /* Images.xcassets */; };
		6FE5C9CF1B2A0DB7005B6FFD /* LaunchScreen.xib in Resources */ = {isa = PBXBuildFile; fileRef = 6FE5C9CD1B2A0DB7005B6FFD /* LaunchScreen.xib */; };
		6FE5C9DB1B2A0DB7005B6FFD /* Tarea0310Tests.swift in Sources */ = {isa = PBXBuildFile; fileRef = 6FE5C9DA1B2A0DB7005B6FFD /* Tarea0310Tests.swift */; };
		6FE5C9E51B2A1723005B6FFD /* Usuarios.swift in Sources */ = {isa = PBXBuildFile; fileRef = 6FE5C9E41B2A1723005B6FFD /* Usuarios.swift */; };
/* End PBXBuildFile section */

/* Begin PBXContainerItemProxy section */
		6FE5C9D51B2A0DB7005B6FFD /* PBXContainerItemProxy */ = {
			isa = PBXContainerItemProxy;
			containerPortal = 6FE5C9B41B2A0DB7005B6FFD /* Project object */;
			proxyType = 1;
			remoteGlobalIDString = 6FE5C9BB1B2A0DB7005B6FFD;
			remoteInfo = Tarea0310;
		};
/* End PBXContainerItemProxy section */

/* Begin PBXFileReference section */
		6FE5C9BC1B2A0DB7005B6FFD /* Tarea0310.app */ = {isa = PBXFileReference; explicitFileType = wrapper.application; includeInIndex = 0; path = Tarea0310.app; sourceTree = BUILT_PRODUCTS_DIR; };
		6FE5C9C01B2A0DB7005B6FFD /* Info.plist */ = {isa = PBXFileReference; lastKnownFileType = text.plist.xml; path = Info.plist; sourceTree = "<group>"; };
		6FE5C9C11B2A0DB7005B6FFD /* AppDelegate.swift */ = {isa = PBXFileReference; lastKnownFileType = sourcecode.swift; path = AppDelegate.swift; sourceTree = "<group>"; };
		6FE5C9C41B2A0DB7005B6FFD /* Tarea0310.xcdatamodel */ = {isa = PBXFileReference; lastKnownFileType = wrapper.xcdatamodel; path = Tarea0310.xcdatamodel; sourceTree = "<group>"; };
		6FE5C9C61B2A0DB7005B6FFD /* ViewController.swift */ = {isa = PBXFileReference; lastKnownFileType = sourcecode.swift; path = ViewController.swift; sourceTree = "<group>"; };
		6FE5C9C91B2A0DB7005B6FFD /* Base */ = {isa = PBXFileReference; lastKnownFileType = file.storyboard; name = Base; path = Base.lproj/Main.storyboard; sourceTree = "<group>"; };
		6FE5C9CB1B2A0DB7005B6FFD /* Images.xcassets */ = {isa = PBXFileReference; lastKnownFileType = folder.assetcatalog; path = Images.xcassets; sourceTree = "<group>"; };
		6FE5C9CE1B2A0DB7005B6FFD /* Base */ = {isa = PBXFileReference; lastKnownFileType = file.xib; name = Base; path = Base.lproj/LaunchScreen.xib; sourceTree = "<group>"; };
		6FE5C9D41B2A0DB7005B6FFD /* Tarea0310Tests.xctest */ = {isa = PBXFileReference; explicitFileType = wrapper.cfbundle; includeInIndex = 0; path = Tarea0310Tests.xctest; sourceTree = BUILT_PRODUCTS_DIR; };
		6FE5C9D91B2A0DB7005B6FFD /* Info.plist */ = {isa = PBXFileReference; lastKnownFileType = text.plist.xml; path = Info.plist; sourceTree = "<group>"; };
		6FE5C9DA1B2A0DB7005B6FFD /* Tarea0310Tests.swift */ = {isa = PBXFileReference; lastKnownFileType = sourcecode.swift; path = Tarea0310Tests.swift; sourceTree = "<group>"; };
		6FE5C9E41B2A1723005B6FFD /* Usuarios.swift */ = {isa = PBXFileReference; fileEncoding = 4; lastKnownFileType = sourcecode.swift; path = Usuarios.swift; sourceTree = "<group>"; };
/* End PBXFileReference section */

/* Begin PBXFrameworksBuildPhase section */
		6FE5C9B91B2A0DB7005B6FFD /* Frameworks */ = {
			isa = PBXFrameworksBuildPhase;
			buildActionMask = 2147483647;
			files = (
			);
			runOnlyForDeploymentPostprocessing = 0;
		};
		6FE5C9D11B2A0DB7005B6FFD /* Frameworks */ = {
			isa = PBXFrameworksBuildPhase;
			buildActionMask = 2147483647;
			files = (
			);
			runOnlyForDeploymentPostprocessing = 0;
		};
/* End PBXFrameworksBuildPhase section */

/* Begin PBXGroup section */
		6FE5C9B31B2A0DB7005B6FFD = {
			isa = PBXGroup;
			children = (
				6FE5C9BE1B2A0DB7005B6FFD /* Tarea0310 */,
				6FE5C9D71B2A0DB7005B6FFD /* Tarea0310Tests */,
				6FE5C9BD1B2A0DB7005B6FFD /* Products */,
			);
			sourceTree = "<group>";
		};
		6FE5C9BD1B2A0DB7005B6FFD /* Products */ = {
			isa = PBXGroup;
			children = (
				6FE5C9BC1B2A0DB7005B6FFD /* Tarea0310.app */,
				6FE5C9D41B2A0DB7005B6FFD /* Tarea0310Tests.xctest */,
			);
			name = Products;
			sourceTree = "<group>";
		};
		6FE5C9BE1B2A0DB7005B6FFD /* Tarea0310 */ = {
			isa = PBXGroup;
			children = (
				6FE5C9C11B2A0DB7005B6FFD /* AppDelegate.swift */,
				6FE5C9C61B2A0DB7005B6FFD /* ViewController.swift */,
				6FE5C9C81B2A0DB7005B6FFD /* Main.storyboard */,
				6FE5C9CB1B2A0DB7005B6FFD /* Images.xcassets */,
				6FE5C9CD1B2A0DB7005B6FFD /* LaunchScreen.xib */,
				6FE5C9C31B2A0DB7005B6FFD /* Tarea0310.xcdatamodeld */,
				6FE5C9BF1B2A0DB7005B6FFD /* Supporting Files */,
				6FE5C9E41B2A1723005B6FFD /* Usuarios.swift */,
			);
			path = Tarea0310;
			sourceTree = "<group>";
		};
		6FE5C9BF1B2A0DB7005B6FFD /* Supporting Files */ = {
			isa = PBXGroup;
			children = (
				6FE5C9C01B2A0DB7005B6FFD /* Info.plist */,
			);
			name = "Supporting Files";
			sourceTree = "<group>";
		};
		6FE5C9D71B2A0DB7005B6FFD /* Tarea0310Tests */ = {
			isa = PBXGroup;
			children = (
				6FE5C9DA1B2A0DB7005B6FFD /* Tarea0310Tests.swift */,
				6FE5C9D81B2A0DB7005B6FFD /* Supporting Files */,
			);
			path = Tarea0310Tests;
			sourceTree = "<group>";
		};
		6FE5C9D81B2A0DB7005B6FFD /* Supporting Files */ = {
			isa = PBXGroup;
			children = (
				6FE5C9D91B2A0DB7005B6FFD /* Info.plist */,
			);
			name = "Supporting Files";
			sourceTree = "<group>";
		};
/* End PBXGroup section */

/* Begin PBXNativeTarget section */
		6FE5C9BB1B2A0DB7005B6FFD /* Tarea0310 */ = {
			isa = PBXNativeTarget;
			buildConfigurationList = 6FE5C9DE1B2A0DB7005B6FFD /* Build configuration list for PBXNativeTarget "Tarea0310" */;
			buildPhases = (
				6FE5C9B81B2A0DB7005B6FFD /* Sources */,
				6FE5C9B91B2A0DB7005B6FFD /* Frameworks */,
				6FE5C9BA1B2A0DB7005B6FFD /* Resources */,
			);
			buildRules = (
			);
			dependencies = (
			);
			name = Tarea0310;
			productName = Tarea0310;
			productReference = 6FE5C9BC1B2A0DB7005B6FFD /* Tarea0310.app */;
			productType = "com.apple.product-type.application";
		};
		6FE5C9D31B2A0DB7005B6FFD /* Tarea0310Tests */ = {
			isa = PBXNativeTarget;
			buildConfigurationList = 6FE5C9E11B2A0DB7005B6FFD /* Build configuration list for PBXNativeTarget "Tarea0310Tests" */;
			buildPhases = (
				6FE5C9D01B2A0DB7005B6FFD /* Sources */,
				6FE5C9D11B2A0DB7005B6FFD /* Frameworks */,
				6FE5C9D21B2A0DB7005B6FFD /* Resources */,
			);
			buildRules = (
			);
			dependencies = (
				6FE5C9D61B2A0DB7005B6FFD /* PBXTargetDependency */,
			);
			name = Tarea0310Tests;
			productName = Tarea0310Tests;
			productReference = 6FE5C9D41B2A0DB7005B6FFD /* Tarea0310Tests.xctest */;
			productType = "com.apple.product-type.bundle.unit-test";
		};
/* End PBXNativeTarget section */

/* Begin PBXProject section */
		6FE5C9B41B2A0DB7005B6FFD /* Project object */ = {
			isa = PBXProject;
			attributes = {
				LastUpgradeCheck = 0630;
				ORGANIZATIONNAME = modelo;
				TargetAttributes = {
					6FE5C9BB1B2A0DB7005B6FFD = {
						CreatedOnToolsVersion = 6.3.2;
					};
					6FE5C9D31B2A0DB7005B6FFD = {
						CreatedOnToolsVersion = 6.3.2;
						TestTargetID = 6FE5C9BB1B2A0DB7005B6FFD;
					};
				};
			};
			buildConfigurationList = 6FE5C9B71B2A0DB7005B6FFD /* Build configuration list for PBXProject "Tarea0310" */;
			compatibilityVersion = "Xcode 3.2";
			developmentRegion = English;
			hasScannedForEncodings = 0;
			knownRegions = (
				en,
				Base,
			);
			mainGroup = 6FE5C9B31B2A0DB7005B6FFD;
			productRefGroup = 6FE5C9BD1B2A0DB7005B6FFD /* Products */;
			projectDirPath = "";
			projectRoot = "";
			targets = (
				6FE5C9BB1B2A0DB7005B6FFD /* Tarea0310 */,
				6FE5C9D31B2A0DB7005B6FFD /* Tarea0310Tests */,
			);
		};
/* End PBXProject section */

/* Begin PBXResourcesBuildPhase section */
		6FE5C9BA1B2A0DB7005B6FFD /* Resources */ = {
			isa = PBXResourcesBuildPhase;
			buildActionMask = 2147483647;
			files = (
				6FE5C9CA1B2A0DB7005B6FFD /* Main.storyboard in Resources */,
				6FE5C9CF1B2A0DB7005B6FFD /* LaunchScreen.xib in Resources */,
				6FE5C9CC1B2A0DB7005B6FFD /* Images.xcassets in Resources */,
			);
			runOnlyForDeploymentPostprocessing = 0;
		};
		6FE5C9D21B2A0DB7005B6FFD /* Resources */ = {
			isa = PBXResourcesBuildPhase;
			buildActionMask = 2147483647;
			files = (
			);
			runOnlyForDeploymentPostprocessing = 0;
		};
/* End PBXResourcesBuildPhase section */

/* Begin PBXSourcesBuildPhase section */
		6FE5C9B81B2A0DB7005B6FFD /* Sources */ = {
			isa = PBXSourcesBuildPhase;
			buildActionMask = 2147483647;
			files = (
				6FE5C9E51B2A1723005B6FFD /* Usuarios.swift in Sources */,
				6FE5C9C71B2A0DB7005B6FFD /* ViewController.swift in Sources */,
				6FE5C9C21B2A0DB7005B6FFD /* AppDelegate.swift in Sources */,
				6FE5C9C51B2A0DB7005B6FFD /* Tarea0310.xcdatamodeld in Sources */,
			);
			runOnlyForDeploymentPostprocessing = 0;
		};
		6FE5C9D01B2A0DB7005B6FFD /* Sources */ = {
			isa = PBXSourcesBuildPhase;
			buildActionMask = 2147483647;
			files = (
				6FE5C9DB1B2A0DB7005B6FFD /* Tarea0310Tests.swift in Sources */,
			);
			runOnlyForDeploymentPostprocessing = 0;
		};
/* End PBXSourcesBuildPhase section */

/* Begin PBXTargetDependency section */
		6FE5C9D61B2A0DB7005B6FFD /* PBXTargetDependency */ = {
			isa = PBXTargetDependency;
			target = 6FE5C9BB1B2A0DB7005B6FFD /* Tarea0310 */;
			targetProxy = 6FE5C9D51B2A0DB7005B6FFD /* PBXContainerItemProxy */;
		};
/* End PBXTargetDependency section */

/* Begin PBXVariantGroup section */
		6FE5C9C81B2A0DB7005B6FFD /* Main.storyboard */ = {
			isa = PBXVariantGroup;
			children = (
				6FE5C9C91B2A0DB7005B6FFD /* Base */,
			);
			name = Main.storyboard;
			sourceTree = "<group>";
		};
		6FE5C9CD1B2A0DB7005B6FFD /* LaunchScreen.xib */ = {
			isa = PBXVariantGroup;
			children = (
				6FE5C9CE1B2A0DB7005B6FFD /* Base */,
			);
			name = LaunchScreen.xib;
			sourceTree = "<group>";
		};
/* End PBXVariantGroup section */

/* Begin XCBuildConfiguration section */
		6FE5C9DC1B2A0DB7005B6FFD /* Debug */ = {
			isa = XCBuildConfiguration;
			buildSettings = {
				ALWAYS_SEARCH_USER_PATHS = NO;
				CLANG_CXX_LANGUAGE_STANDARD = "gnu++0x";
				CLANG_CXX_LIBRARY = "libc++";
				CLANG_ENABLE_MODULES = YES;
				CLANG_ENABLE_OBJC_ARC = YES;
				CLANG_WARN_BOOL_CONVERSION = YES;
				CLANG_WARN_CONSTANT_CONVERSION = YES;
				CLANG_WARN_DIRECT_OBJC_ISA_USAGE = YES_ERROR;
				CLANG_WARN_EMPTY_BODY = YES;
				CLANG_WARN_ENUM_CONVERSION = YES;
				CLANG_WARN_INT_CONVERSION = YES;
				CLANG_WARN_OBJC_ROOT_CLASS = YES_ERROR;
				CLANG_WARN_UNREACHABLE_CODE = YES;
				CLANG_WARN__DUPLICATE_METHOD_MATCH = YES;
				"CODE_SIGN_IDENTITY[sdk=iphoneos*]" = "iPhone Developer";
				COPY_PHASE_STRIP = NO;
				DEBUG_INFORMATION_FORMAT = "dwarf-with-dsym";
				ENABLE_STRICT_OBJC_MSGSEND = YES;
				GCC_C_LANGUAGE_STANDARD = gnu99;
				GCC_DYNAMIC_NO_PIC = NO;
				GCC_NO_COMMON_BLOCKS = YES;
				GCC_OPTIMIZATION_LEVEL = 0;
				GCC_PREPROCESSOR_DEFINITIONS = (
					"DEBUG=1",
					"$(inherited)",
				);
				GCC_SYMBOLS_PRIVATE_EXTERN = NO;
				GCC_WARN_64_TO_32_BIT_CONVERSION = YES;
				GCC_WARN_ABOUT_RETURN_TYPE = YES_ERROR;
				GCC_WARN_UNDECLARED_SELECTOR = YES;
				GCC_WARN_UNINITIALIZED_AUTOS = YES_AGGRESSIVE;
				GCC_WARN_UNUSED_FUNCTION = YES;
				GCC_WARN_UNUSED_VARIABLE = YES;
				IPHONEOS_DEPLOYMENT_TARGET = 8.3;
				MTL_ENABLE_DEBUG_INFO = YES;
				ONLY_ACTIVE_ARCH = YES;
				SDKROOT = iphoneos;
				SWIFT_OPTIMIZATION_LEVEL = "-Onone";
			};
			name = Debug;
		};
		6FE5C9DD1B2A0DB7005B6FFD /* Release */ = {
			isa = XCBuildConfiguration;
			buildSettings = {
				ALWAYS_SEARCH_USER_PATHS = NO;
				CLANG_CXX_LANGUAGE_STANDARD = "gnu++0x";
				CLANG_CXX_LIBRARY = "libc++";
				CLANG_ENABLE_MODULES = YES;
				CLANG_ENABLE_OBJC_ARC = YES;
				CLANG_WARN_BOOL_CONVERSION = YES;
				CLANG_WARN_CONSTANT_CONVERSION = YES;
				CLANG_WARN_DIRECT_OBJC_ISA_USAGE = YES_ERROR;
				CLANG_WARN_EMPTY_BODY = YES;
				CLANG_WARN_ENUM_CONVERSION = YES;
				CLANG_WARN_INT_CONVERSION = YES;
				CLANG_WARN_OBJC_ROOT_CLASS = YES_ERROR;
				CLANG_WARN_UNREACHABLE_CODE = YES;
				CLANG_WARN__DUPLICATE_METHOD_MATCH = YES;
				"CODE_SIGN_IDENTITY[sdk=iphoneos*]" = "iPhone Developer";
				COPY_PHASE_STRIP = NO;
				DEBUG_INFORMATION_FORMAT = "dwarf-with-dsym";
				ENABLE_NS_ASSERTIONS = NO;
				ENABLE_STRICT_OBJC_MSGSEND = YES;
				GCC_C_LANGUAGE_STANDARD = gnu99;
				GCC_NO_COMMON_BLOCKS = YES;
				GCC_WARN_64_TO_32_BIT_CONVERSION = YES;
				GCC_WARN_ABOUT_RETURN_TYPE = YES_ERROR;
				GCC_WARN_UNDECLARED_SELECTOR = YES;
				GCC_WARN_UNINITIALIZED_AUTOS = YES_AGGRESSIVE;
				GCC_WARN_UNUSED_FUNCTION = YES;
				GCC_WARN_UNUSED_VARIABLE = YES;
				IPHONEOS_DEPLOYMENT_TARGET = 8.3;
				MTL_ENABLE_DEBUG_INFO = NO;
				SDKROOT = iphoneos;
				VALIDATE_PRODUCT = YES;
			};
			name = Release;
		};
		6FE5C9DF1B2A0DB7005B6FFD /* Debug */ = {
			isa = XCBuildConfiguration;
			buildSettings = {
				ASSETCATALOG_COMPILER_APPICON_NAME = AppIcon;
				INFOPLIST_FILE = Tarea0310/Info.plist;
				LD_RUNPATH_SEARCH_PATHS = "$(inherited) @executable_path/Frameworks";
				PRODUCT_NAME = "$(TARGET_NAME)";
			};
			name = Debug;
		};
		6FE5C9E01B2A0DB7005B6FFD /* Release */ = {
			isa = XCBuildConfiguration;
			buildSettings = {
				ASSETCATALOG_COMPILER_APPICON_NAME = AppIcon;
				INFOPLIST_FILE = Tarea0310/Info.plist;
				LD_RUNPATH_SEARCH_PATHS = "$(inherited) @executable_path/Frameworks";
				PRODUCT_NAME = "$(TARGET_NAME)";
			};
			name = Release;
		};
		6FE5C9E21B2A0DB7005B6FFD /* Debug */ = {
			isa = XCBuildConfiguration;
			buildSettings = {
				BUNDLE_LOADER = "$(TEST_HOST)";
				FRAMEWORK_SEARCH_PATHS = (
					"$(SDKROOT)/Developer/Library/Frameworks",
					"$(inherited)",
				);
				GCC_PREPROCESSOR_DEFINITIONS = (
					"DEBUG=1",
					"$(inherited)",
				);
				INFOPLIST_FILE = Tarea0310Tests/Info.plist;
				LD_RUNPATH_SEARCH_PATHS = "$(inherited) @executable_path/Frameworks @loader_path/Frameworks";
				PRODUCT_NAME = "$(TARGET_NAME)";
				TEST_HOST = "$(BUILT_PRODUCTS_DIR)/Tarea0310.app/Tarea0310";
			};
			name = Debug;
		};
		6FE5C9E31B2A0DB7005B6FFD /* Release */ = {
			isa = XCBuildConfiguration;
			buildSettings = {
				BUNDLE_LOADER = "$(TEST_HOST)";
				FRAMEWORK_SEARCH_PATHS = (
					"$(SDKROOT)/Developer/Library/Frameworks",
					"$(inherited)",
				);
				INFOPLIST_FILE = Tarea0310Tests/Info.plist;
				LD_RUNPATH_SEARCH_PATHS = "$(inherited) @executable_path/Frameworks @loader_path/Frameworks";
				PRODUCT_NAME = "$(TARGET_NAME)";
				TEST_HOST = "$(BUILT_PRODUCTS_DIR)/Tarea0310.app/Tarea0310";
			};
			name = Release;
		};
/* End XCBuildConfiguration section */

/* Begin XCConfigurationList section */
		6FE5C9B71B2A0DB7005B6FFD /* Build configuration list for PBXProject "Tarea0310" */ = {
			isa = XCConfigurationList;
			buildConfigurations = (
				6FE5C9DC1B2A0DB7005B6FFD /* Debug */,
				6FE5C9DD1B2A0DB7005B6FFD /* Release */,
			);
			defaultConfigurationIsVisible = 0;
			defaultConfigurationName = Release;
		};
		6FE5C9DE1B2A0DB7005B6FFD /* Build configuration list for PBXNativeTarget "Tarea0310" */ = {
			isa = XCConfigurationList;
			buildConfigurations = (
				6FE5C9DF1B2A0DB7005B6FFD /* Debug */,
				6FE5C9E01B2A0DB7005B6FFD /* Release */,
			);
			defaultConfigurationIsVisible = 0;
		};
		6FE5C9E11B2A0DB7005B6FFD /* Build configuration list for PBXNativeTarget "Tarea0310Tests" */ = {
			isa = XCConfigurationList;
			buildConfigurations = (
				6FE5C9E21B2A0DB7005B6FFD /* Debug */,
				6FE5C9E31B2A0DB7005B6FFD /* Release */,
			);
			defaultConfigurationIsVisible = 0;
		};
/* End XCConfigurationList section */

/* Begin XCVersionGroup section */
		6FE5C9C31B2A0DB7005B6FFD /* Tarea0310.xcdatamodeld */ = {
			isa = XCVersionGroup;
			children = (
				6FE5C9C41B2A0DB7005B6FFD /* Tarea0310.xcdatamodel */,
			);
			currentVersion = 6FE5C9C41B2A0DB7005B6FFD /* Tarea0310.xcdatamodel */;
			path = Tarea0310.xcdatamodeld;
			sourceTree = "<group>";
			versionGroupType = wrapper.xcdatamodel;
		};
/* End XCVersionGroup section */
	};
	rootObject = 6FE5C9B41B2A0DB7005B6FFD /* Project object */;
}
